// !$*UTF8*$!
{
	archiveVersion = 1;
	classes = {
	};
	objectVersion = 50;
	objects = {

/* Begin PBXBuildFile section */
		14635F86235F020200F48E0A /* AppDelegate.swift in Sources */ = {isa = PBXBuildFile; fileRef = 14635F85235F020200F48E0A /* AppDelegate.swift */; };
		14635F88235F020200F48E0A /* ViewController.swift in Sources */ = {isa = PBXBuildFile; fileRef = 14635F87235F020200F48E0A /* ViewController.swift */; };
		14635F8B235F020200F48E0A /* Main.storyboard in Resources */ = {isa = PBXBuildFile; fileRef = 14635F89235F020200F48E0A /* Main.storyboard */; };
		14635F8D235F020300F48E0A /* Assets.xcassets in Resources */ = {isa = PBXBuildFile; fileRef = 14635F8C235F020300F48E0A /* Assets.xcassets */; };
		14635F90235F020300F48E0A /* LaunchScreen.storyboard in Resources */ = {isa = PBXBuildFile; fileRef = 14635F8E235F020300F48E0A /* LaunchScreen.storyboard */; };
		C1CAB1E1C3B257691576B4AE /* Pods_IDP_Cocoapod_Project.framework in Frameworks */ = {isa = PBXBuildFile; fileRef = 1F9116CD3AE476B59BA837BF /* Pods_IDP_Cocoapod_Project.framework */; };
/* End PBXBuildFile section */

/* Begin PBXFileReference section */
		14635F82235F020200F48E0A /* IDP_Cocoapod_Project.app */ = {isa = PBXFileReference; explicitFileType = wrapper.application; includeInIndex = 0; path = IDP_Cocoapod_Project.app; sourceTree = BUILT_PRODUCTS_DIR; };
		14635F85235F020200F48E0A /* AppDelegate.swift */ = {isa = PBXFileReference; lastKnownFileType = sourcecode.swift; path = AppDelegate.swift; sourceTree = "<group>"; };
		14635F87235F020200F48E0A /* ViewController.swift */ = {isa = PBXFileReference; lastKnownFileType = sourcecode.swift; path = ViewController.swift; sourceTree = "<group>"; };
		14635F8A235F020200F48E0A /* Base */ = {isa = PBXFileReference; lastKnownFileType = file.storyboard; name = Base; path = Base.lproj/Main.storyboard; sourceTree = "<group>"; };
		14635F8C235F020300F48E0A /* Assets.xcassets */ = {isa = PBXFileReference; lastKnownFileType = folder.assetcatalog; path = Assets.xcassets; sourceTree = "<group>"; };
		14635F8F235F020300F48E0A /* Base */ = {isa = PBXFileReference; lastKnownFileType = file.storyboard; name = Base; path = Base.lproj/LaunchScreen.storyboard; sourceTree = "<group>"; };
		14635F91235F020300F48E0A /* Info.plist */ = {isa = PBXFileReference; lastKnownFileType = text.plist.xml; path = Info.plist; sourceTree = "<group>"; };
		1F9116CD3AE476B59BA837BF /* Pods_IDP_Cocoapod_Project.framework */ = {isa = PBXFileReference; explicitFileType = wrapper.framework; includeInIndex = 0; path = Pods_IDP_Cocoapod_Project.framework; sourceTree = BUILT_PRODUCTS_DIR; };
		B69E20627CCC23FB0136E187 /* Pods-IDP_Cocoapod_Project.debug.xcconfig */ = {isa = PBXFileReference; includeInIndex = 1; lastKnownFileType = text.xcconfig; name = "Pods-IDP_Cocoapod_Project.debug.xcconfig"; path = "Target Support Files/Pods-IDP_Cocoapod_Project/Pods-IDP_Cocoapod_Project.debug.xcconfig"; sourceTree = "<group>"; };
		C514CB4A5954D31170CA31C9 /* Pods-IDP_Cocoapod_Project.release.xcconfig */ = {isa = PBXFileReference; includeInIndex = 1; lastKnownFileType = text.xcconfig; name = "Pods-IDP_Cocoapod_Project.release.xcconfig"; path = "Target Support Files/Pods-IDP_Cocoapod_Project/Pods-IDP_Cocoapod_Project.release.xcconfig"; sourceTree = "<group>"; };
/* End PBXFileReference section */

/* Begin PBXFrameworksBuildPhase section */
		14635F7F235F020200F48E0A /* Frameworks */ = {
			isa = PBXFrameworksBuildPhase;
			buildActionMask = 2147483647;
			files = (
				C1CAB1E1C3B257691576B4AE /* Pods_IDP_Cocoapod_Project.framework in Frameworks */,
			);
			runOnlyForDeploymentPostprocessing = 0;
		};
/* End PBXFrameworksBuildPhase section */

/* Begin PBXGroup section */
		01A1122074FE1E1E2680922A /* Pods */ = {
			isa = PBXGroup;
			children = (
				B69E20627CCC23FB0136E187 /* Pods-IDP_Cocoapod_Project.debug.xcconfig */,
				C514CB4A5954D31170CA31C9 /* Pods-IDP_Cocoapod_Project.release.xcconfig */,
			);
			name = Pods;
			path = Pods;
			sourceTree = "<group>";
		};
		14635F79235F020200F48E0A = {
			isa = PBXGroup;
			children = (
				14635F84235F020200F48E0A /* IDP_Cocoapod_Project */,
				14635F83235F020200F48E0A /* Products */,
				01A1122074FE1E1E2680922A /* Pods */,
				8782B41E0392E6E2234B2EE5 /* Frameworks */,
			);
			sourceTree = "<group>";
		};
		14635F83235F020200F48E0A /* Products */ = {
			isa = PBXGroup;
			children = (
				14635F82235F020200F48E0A /* IDP_Cocoapod_Project.app */,
			);
			name = Products;
			sourceTree = "<group>";
		};
		14635F84235F020200F48E0A /* IDP_Cocoapod_Project */ = {
			isa = PBXGroup;
			children = (
				14635F85235F020200F48E0A /* AppDelegate.swift */,
				14635F87235F020200F48E0A /* ViewController.swift */,
				14635F89235F020200F48E0A /* Main.storyboard */,
				14635F8C235F020300F48E0A /* Assets.xcassets */,
				14635F8E235F020300F48E0A /* LaunchScreen.storyboard */,
				14635F91235F020300F48E0A /* Info.plist */,
			);
			path = IDP_Cocoapod_Project;
			sourceTree = "<group>";
		};
		8782B41E0392E6E2234B2EE5 /* Frameworks */ = {
			isa = PBXGroup;
			children = (
				1F9116CD3AE476B59BA837BF /* Pods_IDP_Cocoapod_Project.framework */,
			);
			name = Frameworks;
			sourceTree = "<group>";
		};
/* End PBXGroup section */

/* Begin PBXNativeTarget section */
		14635F81235F020200F48E0A /* IDP_Cocoapod_Project */ = {
			isa = PBXNativeTarget;
			buildConfigurationList = 14635F94235F020300F48E0A /* Build configuration list for PBXNativeTarget "IDP_Cocoapod_Project" */;
			buildPhases = (
				8547BBA6424103180780C233 /* [CP] Check Pods Manifest.lock */,
				14635F7E235F020200F48E0A /* Sources */,
				14635F7F235F020200F48E0A /* Frameworks */,
				14635F80235F020200F48E0A /* Resources */,
				7E22C3BA62F059365368E47F /* [CP] Embed Pods Frameworks */,
			);
			buildRules = (
			);
			dependencies = (
			);
			name = IDP_Cocoapod_Project;
			productName = IDP_Cocoapod_Project;
			productReference = 14635F82235F020200F48E0A /* IDP_Cocoapod_Project.app */;
			productType = "com.apple.product-type.application";
		};
/* End PBXNativeTarget section */

/* Begin PBXProject section */
		14635F7A235F020200F48E0A /* Project object */ = {
			isa = PBXProject;
			attributes = {
				LastSwiftUpdateCheck = 1020;
				LastUpgradeCheck = 1020;
				ORGANIZATIONNAME = "Kuldipsinh Gadhavi";
				TargetAttributes = {
					14635F81235F020200F48E0A = {
						CreatedOnToolsVersion = 10.2;
					};
				};
			};
			buildConfigurationList = 14635F7D235F020200F48E0A /* Build configuration list for PBXProject "IDP_Cocoapod_Project" */;
			compatibilityVersion = "Xcode 9.3";
			developmentRegion = en;
			hasScannedForEncodings = 0;
			knownRegions = (
				en,
				Base,
			);
			mainGroup = 14635F79235F020200F48E0A;
			productRefGroup = 14635F83235F020200F48E0A /* Products */;
			projectDirPath = "";
			projectRoot = "";
			targets = (
				14635F81235F020200F48E0A /* IDP_Cocoapod_Project */,
			);
		};
/* End PBXProject section */

/* Begin PBXResourcesBuildPhase section */
		14635F80235F020200F48E0A /* Resources */ = {
			isa = PBXResourcesBuildPhase;
			buildActionMask = 2147483647;
			files = (
				14635F90235F020300F48E0A /* LaunchScreen.storyboard in Resources */,
				14635F8D235F020300F48E0A /* Assets.xcassets in Resources */,
				14635F8B235F020200F48E0A /* Main.storyboard in Resources */,
			);
			runOnlyForDeploymentPostprocessing = 0;
		};
/* End PBXResourcesBuildPhase section */

/* Begin PBXShellScriptBuildPhase section */
		7E22C3BA62F059365368E47F /* [CP] Embed Pods Frameworks */ = {
			isa = PBXShellScriptBuildPhase;
			buildActionMask = 2147483647;
			files = (
			);
			inputFileListPaths = (
				"${PODS_ROOT}/Target Support Files/Pods-IDP_Cocoapod_Project/Pods-IDP_Cocoapod_Project-frameworks-${CONFIGURATION}-input-files.xcfilelist",
			);
			name = "[CP] Embed Pods Frameworks";
			outputFileListPaths = (
				"${PODS_ROOT}/Target Support Files/Pods-IDP_Cocoapod_Project/Pods-IDP_Cocoapod_Project-frameworks-${CONFIGURATION}-output-files.xcfilelist",
			);
			runOnlyForDeploymentPostprocessing = 0;
			shellPath = /bin/sh;
			shellScript = "\"${PODS_ROOT}/Target Support Files/Pods-IDP_Cocoapod_Project/Pods-IDP_Cocoapod_Project-frameworks.sh\"\n";
			showEnvVarsInLog = 0;
		};
		8547BBA6424103180780C233 /* [CP] Check Pods Manifest.lock */ = {
			isa = PBXShellScriptBuildPhase;
			buildActionMask = 2147483647;
			files = (
			);
			inputFileListPaths = (
			);
			inputPaths = (
				"${PODS_PODFILE_DIR_PATH}/Podfile.lock",
				"${PODS_ROOT}/Manifest.lock",
			);
			name = "[CP] Check Pods Manifest.lock";
			outputFileListPaths = (
			);
			outputPaths = (
				"$(DERIVED_FILE_DIR)/Pods-IDP_Cocoapod_Project-checkManifestLockResult.txt",
			);
			runOnlyForDeploymentPostprocessing = 0;
			shellPath = /bin/sh;
			shellScript = "diff \"${PODS_PODFILE_DIR_PATH}/Podfile.lock\" \"${PODS_ROOT}/Manifest.lock\" > /dev/null\nif [ $? != 0 ] ; then\n    # print error to STDERR\n    echo \"error: The sandbox is not in sync with the Podfile.lock. Run 'pod install' or update your CocoaPods installation.\" >&2\n    exit 1\nfi\n# This output is used by Xcode 'outputs' to avoid re-running this script phase.\necho \"SUCCESS\" > \"${SCRIPT_OUTPUT_FILE_0}\"\n";
			showEnvVarsInLog = 0;
		};
/* End PBXShellScriptBuildPhase section */

/* Begin PBXSourcesBuildPhase section */
		14635F7E235F020200F48E0A /* Sources */ = {
			isa = PBXSourcesBuildPhase;
			buildActionMask = 2147483647;
			files = (
				14635F88235F020200F48E0A /* ViewController.swift in Sources */,
				14635F86235F020200F48E0A /* AppDelegate.swift in Sources */,
			);
			runOnlyForDeploymentPostprocessing = 0;
		};
/* End PBXSourcesBuildPhase section */

/* Begin PBXVariantGroup section */
		14635F89235F020200F48E0A /* Main.storyboard */ = {
			isa = PBXVariantGroup;
			children = (
				14635F8A235F020200F48E0A /* Base */,
			);
			name = Main.storyboard;
			sourceTree = "<group>";
		};
		14635F8E235F020300F48E0A /* LaunchScreen.storyboard */ = {
			isa = PBXVariantGroup;
			children = (
				14635F8F235F020300F48E0A /* Base */,
			);
			name = LaunchScreen.storyboard;
			sourceTree = "<group>";
		};
/* End PBXVariantGroup section */

/* Begin XCBuildConfiguration section */
		14635F92235F020300F48E0A /* Debug */ = {
			isa = XCBuildConfiguration;
			buildSettings = {
				ALWAYS_SEARCH_USER_PATHS = NO;
				CLANG_ANALYZER_NONNULL = YES;
				CLANG_ANALYZER_NUMBER_OBJECT_CONVERSION = YES_AGGRESSIVE;
				CLANG_CXX_LANGUAGE_STANDARD = "gnu++14";
				CLANG_CXX_LIBRARY = "libc++";
				CLANG_ENABLE_MODULES = YES;
				CLANG_ENABLE_OBJC_ARC = YES;
				CLANG_ENABLE_OBJC_WEAK = YES;
				CLANG_WARN_BLOCK_CAPTURE_AUTORELEASING = YES;
				CLANG_WARN_BOOL_CONVERSION = YES;
				CLANG_WARN_COMMA = YES;
				CLANG_WARN_CONSTANT_CONVERSION = YES;
				CLANG_WARN_DEPRECATED_OBJC_IMPLEMENTATIONS = YES;
				CLANG_WARN_DIRECT_OBJC_ISA_USAGE = YES_ERROR;
				CLANG_WARN_DOCUMENTATION_COMMENTS = YES;
				CLANG_WARN_EMPTY_BODY = YES;
				CLANG_WARN_ENUM_CONVERSION = YES;
				CLANG_WARN_INFINITE_RECURSION = YES;
				CLANG_WARN_INT_CONVERSION = YES;
				CLANG_WARN_NON_LITERAL_NULL_CONVERSION = YES;
				CLANG_WARN_OBJC_IMPLICIT_RETAIN_SELF = YES;
				CLANG_WARN_OBJC_LITERAL_CONVERSION = YES;
				CLANG_WARN_OBJC_ROOT_CLASS = YES_ERROR;
				CLANG_WARN_RANGE_LOOP_ANALYSIS = YES;
				CLANG_WARN_STRICT_PROTOTYPES = YES;
				CLANG_WARN_SUSPICIOUS_MOVE = YES;
				CLANG_WARN_UNGUARDED_AVAILABILITY = YES_AGGRESSIVE;
				CLANG_WARN_UNREACHABLE_CODE = YES;
				CLANG_WARN__DUPLICATE_METHOD_MATCH = YES;
				CODE_SIGN_IDENTITY = "iPhone Developer";
				COPY_PHASE_STRIP = NO;
				DEBUG_INFORMATION_FORMAT = dwarf;
				ENABLE_STRICT_OBJC_MSGSEND = YES;
				ENABLE_TESTABILITY = YES;
				GCC_C_LANGUAGE_STANDARD = gnu11;
				GCC_DYNAMIC_NO_PIC = NO;
				GCC_NO_COMMON_BLOCKS = YES;
				GCC_OPTIMIZATION_LEVEL = 0;
				GCC_PREPROCESSOR_DEFINITIONS = (
					"DEBUG=1",
					"$(inherited)",
				);
				GCC_WARN_64_TO_32_BIT_CONVERSION = YES;
				GCC_WARN_ABOUT_RETURN_TYPE = YES_ERROR;
				GCC_WARN_UNDECLARED_SELECTOR = YES;
				GCC_WARN_UNINITIALIZED_AUTOS = YES_AGGRESSIVE;
				GCC_WARN_UNUSED_FUNCTION = YES;
				GCC_WARN_UNUSED_VARIABLE = YES;
				IPHONEOS_DEPLOYMENT_TARGET = 12.2;
				MTL_ENABLE_DEBUG_INFO = INCLUDE_SOURCE;
				MTL_FAST_MATH = YES;
				ONLY_ACTIVE_ARCH = YES;
				SDKROOT = iphoneos;
				SWIFT_ACTIVE_COMPILATION_CONDITIONS = DEBUG;
				SWIFT_OPTIMIZATION_LEVEL = "-Onone";
			};
			name = Debug;
		};
		14635F93235F020300F48E0A /* Release */ = {
			isa = XCBuildConfiguration;
			buildSettings = {
				ALWAYS_SEARCH_USER_PATHS = NO;
				CLANG_ANALYZER_NONNULL = YES;
				CLANG_ANALYZER_NUMBER_OBJECT_CONVERSION = YES_AGGRESSIVE;
				CLANG_CXX_LANGUAGE_STANDARD = "gnu++14";
				CLANG_CXX_LIBRARY = "libc++";
				CLANG_ENABLE_MODULES = YES;
				CLANG_ENABLE_OBJC_ARC = YES;
				CLANG_ENABLE_OBJC_WEAK = YES;
				CLANG_WARN_BLOCK_CAPTURE_AUTORELEASING = YES;
				CLANG_WARN_BOOL_CONVERSION = YES;
				CLANG_WARN_COMMA = YES;
				CLANG_WARN_CONSTANT_CONVERSION = YES;
				CLANG_WARN_DEPRECATED_OBJC_IMPLEMENTATIONS = YES;
				CLANG_WARN_DIRECT_OBJC_ISA_USAGE = YES_ERROR;
				CLANG_WARN_DOCUMENTATION_COMMENTS = YES;
				CLANG_WARN_EMPTY_BODY = YES;
				CLANG_WARN_ENUM_CONVERSION = YES;
				CLANG_WARN_INFINITE_RECURSION = YES;
				CLANG_WARN_INT_CONVERSION = YES;
				CLANG_WARN_NON_LITERAL_NULL_CONVERSION = YES;
				CLANG_WARN_OBJC_IMPLICIT_RETAIN_SELF = YES;
				CLANG_WARN_OBJC_LITERAL_CONVERSION = YES;
				CLANG_WARN_OBJC_ROOT_CLASS = YES_ERROR;
				CLANG_WARN_RANGE_LOOP_ANALYSIS = YES;
				CLANG_WARN_STRICT_PROTOTYPES = YES;
				CLANG_WARN_SUSPICIOUS_MOVE = YES;
				CLANG_WARN_UNGUARDED_AVAILABILITY = YES_AGGRESSIVE;
				CLANG_WARN_UNREACHABLE_CODE = YES;
				CLANG_WARN__DUPLICATE_METHOD_MATCH = YES;
				CODE_SIGN_IDENTITY = "iPhone Developer";
				COPY_PHASE_STRIP = NO;
				DEBUG_INFORMATION_FORMAT = "dwarf-with-dsym";
				ENABLE_NS_ASSERTIONS = NO;
				ENABLE_STRICT_OBJC_MSGSEND = YES;
				GCC_C_LANGUAGE_STANDARD = gnu11;
				GCC_NO_COMMON_BLOCKS = YES;
				GCC_WARN_64_TO_32_BIT_CONVERSION = YES;
				GCC_WARN_ABOUT_RETURN_TYPE = YES_ERROR;
				GCC_WARN_UNDECLARED_SELECTOR = YES;
				GCC_WARN_UNINITIALIZED_AUTOS = YES_AGGRESSIVE;
				GCC_WARN_UNUSED_FUNCTION = YES;
				GCC_WARN_UNUSED_VARIABLE = YES;
				IPHONEOS_DEPLOYMENT_TARGET = 12.2;
				MTL_ENABLE_DEBUG_INFO = NO;
				MTL_FAST_MATH = YES;
				SDKROOT = iphoneos;
				SWIFT_COMPILATION_MODE = wholemodule;
				SWIFT_OPTIMIZATION_LEVEL = "-O";
				VALIDATE_PRODUCT = YES;
			};
			name = Release;
		};
		14635F95235F020300F48E0A /* Debug */ = {
			isa = XCBuildConfiguration;
			baseConfigurationReference = B69E20627CCC23FB0136E187 /* Pods-IDP_Cocoapod_Project.debug.xcconfig */;
			buildSettings = {
				ASSETCATALOG_COMPILER_APPICON_NAME = AppIcon;
				CODE_SIGN_STYLE = Automatic;
				INFOPLIST_FILE = IDP_Cocoapod_Project/Info.plist;
				LD_RUNPATH_SEARCH_PATHS = (
					"$(inherited)",
					"@executable_path/Frameworks",
				);
				PRODUCT_BUNDLE_IDENTIFIER = "com.volansys.IDP-Cocoapod-Project";
				PRODUCT_NAME = "$(TARGET_NAME)";
				SWIFT_VERSION = 5.0;
				TARGETED_DEVICE_FAMILY = "1,2";
			};
			name = Debug;
		};
		14635F96235F020300F48E0A /* Release */ = {
			isa = XCBuildConfiguration;
			baseConfigurationReference = C514CB4A5954D31170CA31C9 /* Pods-IDP_Cocoapod_Project.release.xcconfig */;
			buildSettings = {
				ASSETCATALOG_COMPILER_APPICON_NAME = AppIcon;
				CODE_SIGN_STYLE = Automatic;
				INFOPLIST_FILE = IDP_Cocoapod_Project/Info.plist;
				LD_RUNPATH_SEARCH_PATHS = (
					"$(inherited)",
					"@executable_path/Frameworks",
				);
				PRODUCT_BUNDLE_IDENTIFIER = "com.volansys.IDP-Cocoapod-Project";
				PRODUCT_NAME = "$(TARGET_NAME)";
				SWIFT_VERSION = 5.0;
				TARGETED_DEVICE_FAMILY = "1,2";
			};
			name = Release;
		};
/* End XCBuildConfiguration section */

/* Begin XCConfigurationList section */
		14635F7D235F020200F48E0A /* Build configuration list for PBXProject "IDP_Cocoapod_Project" */ = {
			isa = XCConfigurationList;
			buildConfigurations = (
				14635F92235F020300F48E0A /* Debug */,
				14635F93235F020300F48E0A /* Release */,
			);
			defaultConfigurationIsVisible = 0;
			defaultConfigurationName = Release;
		};
		14635F94235F020300F48E0A /* Build configuration list for PBXNativeTarget "IDP_Cocoapod_Project" */ = {
			isa = XCConfigurationList;
			buildConfigurations = (
				14635F95235F020300F48E0A /* Debug */,
				14635F96235F020300F48E0A /* Release */,
			);
			defaultConfigurationIsVisible = 0;
			defaultConfigurationName = Release;
		};
/* End XCConfigurationList section */
	};
	rootObject = 14635F7A235F020200F48E0A /* Project object */;
}
